
Microsoft Visual Studio Solution File, Format Version 12.00
# Visual Studio Version 17
VisualStudioVersion = 17.3.32819.101
MinimumVisualStudioVersion = 10.0.40219.1
Project("{FAE04EC0-301F-11D3-BF4B-00C04F79EFBC}") = "AlphaCaseStudy", "AlphaCaseStudy\AlphaCaseStudy.csproj", "{3BF13AA7-8F3D-4D5C-81C9-F8808CECC502}"
EndProject
Project("{FAE04EC0-301F-11D3-BF4B-00C04F79EFBC}") = "Business", "Business\Business.csproj", "{65ED136B-BC6F-4EB8-BB9D-7FE3B7487392}"
EndProject
Project("{FAE04EC0-301F-11D3-BF4B-00C04F79EFBC}") = "Core", "Core\Core.csproj", "{764362D8-8224-4C13-8C6E-577DAFD30F0A}"
EndProject
Global
	GlobalSection(SolutionConfigurationPlatforms) = preSolution
		Debug|Any CPU = Debug|Any CPU
		Release|Any CPU = Release|Any CPU
	EndGlobalSection
	GlobalSection(ProjectConfigurationPlatforms) = postSolution
		{3BF13AA7-8F3D-4D5C-81C9-F8808CECC502}.Debug|Any CPU.ActiveCfg = Debug|Any CPU
		{3BF13AA7-8F3D-4D5C-81C9-F8808CECC502}.Debug|Any CPU.Build.0 = Debug|Any CPU
		{3BF13AA7-8F3D-4D5C-81C9-F8808CECC502}.Release|Any CPU.ActiveCfg = Release|Any CPU
		{3BF13AA7-8F3D-4D5C-81C9-F8808CECC502}.Release|Any CPU.Build.0 = Release|Any CPU
		{65ED136B-BC6F-4EB8-BB9D-7FE3B7487392}.Debug|Any CPU.ActiveCfg = Debug|Any CPU
		{65ED136B-BC6F-4EB8-BB9D-7FE3B7487392}.Debug|Any CPU.Build.0 = Debug|Any CPU
		{65ED136B-BC6F-4EB8-BB9D-7FE3B7487392}.Release|Any CPU.ActiveCfg = Release|Any CPU
		{65ED136B-BC6F-4EB8-BB9D-7FE3B7487392}.Release|Any CPU.Build.0 = Release|Any CPU
		{764362D8-8224-4C13-8C6E-577DAFD30F0A}.Debug|Any CPU.ActiveCfg = Debug|Any CPU
		{764362D8-8224-4C13-8C6E-577DAFD30F0A}.Debug|Any CPU.Build.0 = Debug|Any CPU
		{764362D8-8224-4C13-8C6E-577DAFD30F0A}.Release|Any CPU.ActiveCfg = Release|Any CPU
		{764362D8-8224-4C13-8C6E-577DAFD30F0A}.Release|Any CPU.Build.0 = Release|Any CPU
	EndGlobalSection
	GlobalSection(SolutionProperties) = preSolution
		HideSolutionNode = FALSE
	EndGlobalSection
	GlobalSection(ExtensibilityGlobals) = postSolution
		SolutionGuid = {B107C352-1D87-4553-87F8-0ABD815B2C0F}
	EndGlobalSection
EndGlobal
